
Microsoft Visual Studio Solution File, Format Version 12.00
# Visual Studio 15
VisualStudioVersion = 15.0.27428.1
MinimumVisualStudioVersion = 10.0.40219.1
Project("{9A19103F-16F7-4668-BE54-9A1E7A4F7556}") = "ACM.BL", "ACM.BL\ACM.BL.csproj", "{80A37728-9467-4D91-96E8-AF1D37F2CC3B}"
EndProject
Project("{2150E333-8FDC-42A3-9474-1A3956D46DE8}") = "Tests", "Tests", "{BE7A50DA-4050-480D-9B7A-C97DD5AA15D5}"
EndProject
Project("{FAE04EC0-301F-11D3-BF4B-00C04F79EFBC}") = "ACM.BLTest", "ACM.BLTest\ACM.BLTest.csproj", "{EC6FBAD9-3A8E-481A-970E-11DF9FED5610}"
EndProject
Global
	GlobalSection(SolutionConfigurationPlatforms) = preSolution
		Debug|Any CPU = Debug|Any CPU
		Release|Any CPU = Release|Any CPU
	EndGlobalSection
	GlobalSection(ProjectConfigurationPlatforms) = postSolution
		{80A37728-9467-4D91-96E8-AF1D37F2CC3B}.Debug|Any CPU.ActiveCfg = Debug|Any CPU
		{80A37728-9467-4D91-96E8-AF1D37F2CC3B}.Debug|Any CPU.Build.0 = Debug|Any CPU
		{80A37728-9467-4D91-96E8-AF1D37F2CC3B}.Release|Any CPU.ActiveCfg = Release|Any CPU
		{80A37728-9467-4D91-96E8-AF1D37F2CC3B}.Release|Any CPU.Build.0 = Release|Any CPU
		{EC6FBAD9-3A8E-481A-970E-11DF9FED5610}.Debug|Any CPU.ActiveCfg = Debug|Any CPU
		{EC6FBAD9-3A8E-481A-970E-11DF9FED5610}.Debug|Any CPU.Build.0 = Debug|Any CPU
		{EC6FBAD9-3A8E-481A-970E-11DF9FED5610}.Release|Any CPU.ActiveCfg = Release|Any CPU
		{EC6FBAD9-3A8E-481A-970E-11DF9FED5610}.Release|Any CPU.Build.0 = Release|Any CPU
	EndGlobalSection
	GlobalSection(SolutionProperties) = preSolution
		HideSolutionNode = FALSE
	EndGlobalSection
	GlobalSection(NestedProjects) = preSolution
		{EC6FBAD9-3A8E-481A-970E-11DF9FED5610} = {BE7A50DA-4050-480D-9B7A-C97DD5AA15D5}
	EndGlobalSection
	GlobalSection(ExtensibilityGlobals) = postSolution
		SolutionGuid = {866B18DD-E15E-421C-87B2-CAAD8AA1DC78}
	EndGlobalSection
EndGlobal
